
Microsoft Visual Studio Solution File, Format Version 12.00
# Visual Studio Version 17
VisualStudioVersion = 17.14.36401.2 d17.14
MinimumVisualStudioVersion = 10.0.40219.1
Project("{2150E333-8FDC-42A3-9474-1A3956D46DE8}") = "src", "src", "{02EA681E-C7D8-13C7-8484-4AC65E1B71E8}"
EndProject
Project("{2150E333-8FDC-42A3-9474-1A3956D46DE8}") = "test", "test", "{F304F9F3-D775-4257-9710-8A9061AAD292}"
EndProject
Project("{2150E333-8FDC-42A3-9474-1A3956D46DE8}") = "docs", "docs", "{D390C88A-CDA1-4371-BEC9-69C554A93251}"
EndProject
Project("{FAE04EC0-301F-11D3-BF4B-00C04F79EFBC}") = "STAMP.Lib", "src\STAMP.Lib\STAMP.Lib.csproj", "{D1E8E355-EA30-4203-9386-CB5288B2B6AC}"
EndProject
Project("{FAE04EC0-301F-11D3-BF4B-00C04F79EFBC}") = "STAMP", "src\STAMP\STAMP.csproj", "{12D77ACF-2D05-4E0B-A899-8FFD9CB199F7}"
EndProject
Global
	GlobalSection(SolutionConfigurationPlatforms) = preSolution
		Debug|Any CPU = Debug|Any CPU
		Debug|arm64 = Debug|arm64
		Debug|x86 = Debug|x86
		Release|Any CPU = Release|Any CPU
		Release|arm64 = Release|arm64
		Release|x86 = Release|x86
	EndGlobalSection
	GlobalSection(ProjectConfigurationPlatforms) = postSolution
		{D1E8E355-EA30-4203-9386-CB5288B2B6AC}.Debug|Any CPU.ActiveCfg = Debug|Any CPU
		{D1E8E355-EA30-4203-9386-CB5288B2B6AC}.Debug|Any CPU.Build.0 = Debug|Any CPU
		{D1E8E355-EA30-4203-9386-CB5288B2B6AC}.Debug|arm64.ActiveCfg = Debug|Any CPU
		{D1E8E355-EA30-4203-9386-CB5288B2B6AC}.Debug|arm64.Build.0 = Debug|Any CPU
		{D1E8E355-EA30-4203-9386-CB5288B2B6AC}.Debug|x86.ActiveCfg = Debug|Any CPU
		{D1E8E355-EA30-4203-9386-CB5288B2B6AC}.Debug|x86.Build.0 = Debug|Any CPU
		{D1E8E355-EA30-4203-9386-CB5288B2B6AC}.Release|Any CPU.ActiveCfg = Release|Any CPU
		{D1E8E355-EA30-4203-9386-CB5288B2B6AC}.Release|Any CPU.Build.0 = Release|Any CPU
		{D1E8E355-EA30-4203-9386-CB5288B2B6AC}.Release|arm64.ActiveCfg = Release|Any CPU
		{D1E8E355-EA30-4203-9386-CB5288B2B6AC}.Release|arm64.Build.0 = Release|Any CPU
		{D1E8E355-EA30-4203-9386-CB5288B2B6AC}.Release|x86.ActiveCfg = Release|Any CPU
		{D1E8E355-EA30-4203-9386-CB5288B2B6AC}.Release|x86.Build.0 = Release|Any CPU
		{12D77ACF-2D05-4E0B-A899-8FFD9CB199F7}.Debug|Any CPU.ActiveCfg = Debug|Any CPU
		{12D77ACF-2D05-4E0B-A899-8FFD9CB199F7}.Debug|Any CPU.Build.0 = Debug|Any CPU
		{12D77ACF-2D05-4E0B-A899-8FFD9CB199F7}.Debug|arm64.ActiveCfg = Debug|arm64
		{12D77ACF-2D05-4E0B-A899-8FFD9CB199F7}.Debug|arm64.Build.0 = Debug|arm64
		{12D77ACF-2D05-4E0B-A899-8FFD9CB199F7}.Debug|x86.ActiveCfg = Debug|x86
		{12D77ACF-2D05-4E0B-A899-8FFD9CB199F7}.Debug|x86.Build.0 = Debug|x86
		{12D77ACF-2D05-4E0B-A899-8FFD9CB199F7}.Release|Any CPU.ActiveCfg = Release|Any CPU
		{12D77ACF-2D05-4E0B-A899-8FFD9CB199F7}.Release|Any CPU.Build.0 = Release|Any CPU
		{12D77ACF-2D05-4E0B-A899-8FFD9CB199F7}.Release|arm64.ActiveCfg = Release|arm64
		{12D77ACF-2D05-4E0B-A899-8FFD9CB199F7}.Release|arm64.Build.0 = Release|arm64
		{12D77ACF-2D05-4E0B-A899-8FFD9CB199F7}.Release|x86.ActiveCfg = Release|x86
		{12D77ACF-2D05-4E0B-A899-8FFD9CB199F7}.Release|x86.Build.0 = Release|x86
	EndGlobalSection
	GlobalSection(SolutionProperties) = preSolution
		HideSolutionNode = FALSE
	EndGlobalSection
	GlobalSection(NestedProjects) = preSolution
		{D1E8E355-EA30-4203-9386-CB5288B2B6AC} = {02EA681E-C7D8-13C7-8484-4AC65E1B71E8}
		{12D77ACF-2D05-4E0B-A899-8FFD9CB199F7} = {02EA681E-C7D8-13C7-8484-4AC65E1B71E8}
	EndGlobalSection
	GlobalSection(ExtensibilityGlobals) = postSolution
		SolutionGuid = {CECD08D6-37BE-430D-AB66-24DF8AFA34B3}
	EndGlobalSection
EndGlobal
